<?xml version="1.0" encoding="utf-8"?>
<Project ToolsVersion="4.0" xmlns="http://schemas.microsoft.com/developer/msbuild/2003">
  <ItemGroup>
    <Filter Include="Source Files">
      <UniqueIdentifier>{4FC737F1-C7A5-4376-A066-2A32D752A2FF}</UniqueIdentifier>
      <Extensions>cpp;c;cc;cxx;def;odl;idl;hpj;bat;asm;asmx</Extensions>
    </Filter>
    <Filter Include="Header Files">
      <UniqueIdentifier>{93995380-89BD-4b04-88EB-625FBE52EBFB}</UniqueIdentifier>
      <Extensions>h;hpp;hxx;hm;inl;inc;xsd</Extensions>
    </Filter>
    <Filter Include="Resource Files">
      <UniqueIdentifier>{67DA6AB6-F800-4c08-8B7A-83BB121AAD01}</UniqueIdentifier>
      <Extensions>rc;ico;cur;bmp;dlg;rc2;rct;bin;rgs;gif;jpg;jpeg;jpe;resx;tiff;tif;png;wav;mfcribbon-ms</Extensions>
    </Filter>
  </ItemGroup>
  <ItemGroup>
    <ClCompile Include="sources\engine\Animation.cpp">
      <Filter>Source Files</Filter>
    </ClCompile>
    <ClCompile Include="sources\engine\Camera.cpp">
      <Filter>Source Files</Filter>
    </ClCompile>
    <ClCompile Include="sources\engine\Color.cpp">
      <Filter>Source Files</Filter>
    </ClCompile>
    <ClCompile Include="sources\engine\DamageableEntity.cpp">
      <Filter>Source Files</Filter>
    </ClCompile>
    <ClCompile Include="sources\engine\Entity.cpp">
      <Filter>Source Files</Filter>
    </ClCompile>
    <ClCompile Include="sources\engine\FallingEntity.cpp">
      <Filter>Source Files</Filter>
    </ClCompile>
    <ClCompile Include="sources\engine\Font.cpp">
      <Filter>Source Files</Filter>
    </ClCompile>
    <ClCompile Include="sources\engine\Input.cpp">
      <Filter>Source Files</Filter>
    </ClCompile>
    <ClCompile Include="sources\engine\Level.cpp">
      <Filter>Source Files</Filter>
    </ClCompile>
    <ClCompile Include="sources\engine\MovingEntity.cpp">
      <Filter>Source Files</Filter>
    </ClCompile>
    <ClCompile Include="sources\engine\Music.cpp">
      <Filter>Source Files</Filter>
    </ClCompile>
    <ClCompile Include="sources\engine\Player.cpp">
      <Filter>Source Files</Filter>
    </ClCompile>
    <ClCompile Include="sources\engine\PugiXML.cpp">
      <Filter>Source Files</Filter>
    </ClCompile>
    <ClCompile Include="sources\engine\SDL.cpp">
      <Filter>Source Files</Filter>
    </ClCompile>
    <ClCompile Include="sources\engine\SFX.cpp">
      <Filter>Source Files</Filter>
    </ClCompile>
    <ClCompile Include="sources\engine\Sprite.cpp">
      <Filter>Source Files</Filter>
    </ClCompile>
    <ClCompile Include="sources\engine\StateManager.cpp">
      <Filter>Source Files</Filter>
    </ClCompile>
    <ClCompile Include="sources\engine\Text.cpp">
      <Filter>Source Files</Filter>
    </ClCompile>
    <ClCompile Include="sources\engine\Texture.cpp">
      <Filter>Source Files</Filter>
    </ClCompile>
    <ClCompile Include="sources\engine\Timer.cpp">
      <Filter>Source Files</Filter>
    </ClCompile>
    <ClCompile Include="sources\engine\Weapon.cpp">
      <Filter>Source Files</Filter>
    </ClCompile>
    <ClCompile Include="sources\engine\Window.cpp">
      <Filter>Source Files</Filter>
    </ClCompile>
    <ClCompile Include="sources\game\GameOverState.cpp">
      <Filter>Source Files</Filter>
    </ClCompile>
    <ClCompile Include="sources\game\GameState.cpp">
      <Filter>Source Files</Filter>
    </ClCompile>
    <ClCompile Include="sources\game\main.cpp">
      <Filter>Source Files</Filter>
    </ClCompile>
    <ClCompile Include="sources\game\MenuState.cpp">
      <Filter>Source Files</Filter>
    </ClCompile>
    <ClCompile Include="sources\game\OptionsState.cpp">
      <Filter>Source Files</Filter>
    </ClCompile>
    <ClCompile Include="sources\game\VictoryState.cpp">
      <Filter>Source Files</Filter>
    </ClCompile>
    <ClCompile Include="sources\engine\Rectangle.cpp">
      <Filter>Source Files</Filter>
    </ClCompile>
  </ItemGroup>
  <ItemGroup>
    <ClInclude Include="sources\engine\Animation.h">
      <Filter>Header Files</Filter>
    </ClInclude>
    <ClInclude Include="sources\engine\BaseState.h">
      <Filter>Header Files</Filter>
    </ClInclude>
    <ClInclude Include="sources\engine\Camera.h">
      <Filter>Header Files</Filter>
    </ClInclude>
    <ClInclude Include="sources\engine\Color.h">
      <Filter>Header Files</Filter>
    </ClInclude>
    <ClInclude Include="sources\engine\DamageableEntity.h">
      <Filter>Header Files</Filter>
    </ClInclude>
    <ClInclude Include="sources\engine\Entity.h">
      <Filter>Header Files</Filter>
    </ClInclude>
    <ClInclude Include="sources\engine\EntityCollection.h">
      <Filter>Header Files</Filter>
    </ClInclude>
    <ClInclude Include="sources\engine\FallingEntity.h">
      <Filter>Header Files</Filter>
    </ClInclude>
    <ClInclude Include="sources\engine\Font.h">
      <Filter>Header Files</Filter>
    </ClInclude>
    <ClInclude Include="sources\engine\Input.h">
      <Filter>Header Files</Filter>
    </ClInclude>
    <ClInclude Include="sources\engine\Level.h">
      <Filter>Header Files</Filter>
    </ClInclude>
    <ClInclude Include="sources\engine\MovingEntity.h">
      <Filter>Header Files</Filter>
    </ClInclude>
    <ClInclude Include="sources\engine\Music.h">
      <Filter>Header Files</Filter>
    </ClInclude>
    <ClInclude Include="sources\engine\Player.h">
      <Filter>Header Files</Filter>
    </ClInclude>
    <ClInclude Include="sources\engine\PugiXML.h">
      <Filter>Header Files</Filter>
    </ClInclude>
    <ClInclude Include="sources\engine\SDL.h">
      <Filter>Header Files</Filter>
    </ClInclude>
    <ClInclude Include="sources\engine\SFX.h">
      <Filter>Header Files</Filter>
    </ClInclude>
    <ClInclude Include="sources\engine\Sprite.h">
      <Filter>Header Files</Filter>
    </ClInclude>
    <ClInclude Include="sources\engine\StateManager.h">
      <Filter>Header Files</Filter>
    </ClInclude>
    <ClInclude Include="sources\engine\Text.h">
      <Filter>Header Files</Filter>
    </ClInclude>
    <ClInclude Include="sources\engine\Texture.h">
      <Filter>Header Files</Filter>
    </ClInclude>
    <ClInclude Include="sources\engine\Timer.h">
      <Filter>Header Files</Filter>
    </ClInclude>
    <ClInclude Include="sources\engine\Weapon.h">
      <Filter>Header Files</Filter>
    </ClInclude>
    <ClInclude Include="sources\engine\Window.h">
      <Filter>Header Files</Filter>
    </ClInclude>
    <ClInclude Include="sources\game\GameOverState.h">
      <Filter>Header Files</Filter>
    </ClInclude>
    <ClInclude Include="sources\game\GameState.h">
      <Filter>Header Files</Filter>
    </ClInclude>
    <ClInclude Include="sources\game\MenuState.h">
      <Filter>Header Files</Filter>
    </ClInclude>
    <ClInclude Include="sources\game\OptionsState.h">
      <Filter>Header Files</Filter>
    </ClInclude>
    <ClInclude Include="sources\game\VictoryState.h">
      <Filter>Header Files</Filter>
    </ClInclude>
    <ClInclude Include="sources\engine\Rectangle.h">
      <Filter>Header Files</Filter>
    </ClInclude>
  </ItemGroup>
</Project>