<?xml version="1.0" encoding="utf-8"?>
<Project ToolsVersion="4.0" xmlns="http://schemas.microsoft.com/developer/msbuild/2003">
  <ItemGroup>
    <Filter Include="Source Files">
      <UniqueIdentifier>{4FC737F1-C7A5-4376-A066-2A32D752A2FF}</UniqueIdentifier>
      <Extensions>cpp;c;cc;cxx;def;odl;idl;hpj;bat;asm;asmx</Extensions>
    </Filter>
    <Filter Include="Header Files">
      <UniqueIdentifier>{93995380-89BD-4b04-88EB-625FBE52EBFB}</UniqueIdentifier>
      <Extensions>h;hpp;hxx;hm;inl;inc;xsd</Extensions>
    </Filter>
    <Filter Include="Resource Files">
      <UniqueIdentifier>{67DA6AB6-F800-4c08-8B7A-83BB121AAD01}</UniqueIdentifier>
      <Extensions>rc;ico;cur;bmp;dlg;rc2;rct;bin;rgs;gif;jpg;jpeg;jpe;resx;tiff;tif;png;wav;mfcribbon-ms</Extensions>
    </Filter>
  </ItemGroup>
  <ItemGroup>
    <ClCompile Include="sources\AI.cpp">
      <Filter>Source Files</Filter>
    </ClCompile>
    <ClCompile Include="sources\Animation.cpp">
      <Filter>Source Files</Filter>
    </ClCompile>
    <ClCompile Include="sources\Camera.cpp">
      <Filter>Source Files</Filter>
    </ClCompile>
    <ClCompile Include="sources\Color.cpp">
      <Filter>Source Files</Filter>
    </ClCompile>
    <ClCompile Include="sources\DamageableEntity.cpp">
      <Filter>Source Files</Filter>
    </ClCompile>
    <ClCompile Include="sources\Enemy.cpp">
      <Filter>Source Files</Filter>
    </ClCompile>
    <ClCompile Include="sources\EnemyFactory.cpp">
      <Filter>Source Files</Filter>
    </ClCompile>
    <ClCompile Include="sources\Entity.cpp">
      <Filter>Source Files</Filter>
    </ClCompile>
    <ClCompile Include="sources\Font.cpp">
      <Filter>Source Files</Filter>
    </ClCompile>
    <ClCompile Include="sources\GameState.cpp">
      <Filter>Source Files</Filter>
    </ClCompile>
    <ClCompile Include="sources\HUD.cpp">
      <Filter>Source Files</Filter>
    </ClCompile>
    <ClCompile Include="sources\Input.cpp">
      <Filter>Source Files</Filter>
    </ClCompile>
    <ClCompile Include="sources\Level.cpp">
      <Filter>Source Files</Filter>
    </ClCompile>
    <ClCompile Include="sources\main.cpp">
      <Filter>Source Files</Filter>
    </ClCompile>
    <ClCompile Include="sources\MovingEntity.cpp">
      <Filter>Source Files</Filter>
    </ClCompile>
    <ClCompile Include="sources\Music.cpp">
      <Filter>Source Files</Filter>
    </ClCompile>
    <ClCompile Include="sources\Player.cpp">
      <Filter>Source Files</Filter>
    </ClCompile>
    <ClCompile Include="sources\Projectile.cpp">
      <Filter>Source Files</Filter>
    </ClCompile>
    <ClCompile Include="sources\PugiXML.cpp">
      <Filter>Source Files</Filter>
    </ClCompile>
    <ClCompile Include="sources\SDL.cpp">
      <Filter>Source Files</Filter>
    </ClCompile>
    <ClCompile Include="sources\SFX.cpp">
      <Filter>Source Files</Filter>
    </ClCompile>
    <ClCompile Include="sources\Sprite.cpp">
      <Filter>Source Files</Filter>
    </ClCompile>
    <ClCompile Include="sources\State.cpp">
      <Filter>Source Files</Filter>
    </ClCompile>
    <ClCompile Include="sources\StateManager.cpp">
      <Filter>Source Files</Filter>
    </ClCompile>
    <ClCompile Include="sources\Text.cpp">
      <Filter>Source Files</Filter>
    </ClCompile>
    <ClCompile Include="sources\Texture.cpp">
      <Filter>Source Files</Filter>
    </ClCompile>
    <ClCompile Include="sources\Timer.cpp">
      <Filter>Source Files</Filter>
    </ClCompile>
    <ClCompile Include="sources\Window.cpp">
      <Filter>Source Files</Filter>
    </ClCompile>
  </ItemGroup>
  <ItemGroup>
    <ClInclude Include="sources\AI.h">
      <Filter>Header Files</Filter>
    </ClInclude>
    <ClInclude Include="sources\Animation.h">
      <Filter>Header Files</Filter>
    </ClInclude>
    <ClInclude Include="sources\Camera.h">
      <Filter>Header Files</Filter>
    </ClInclude>
    <ClInclude Include="sources\Color.h">
      <Filter>Header Files</Filter>
    </ClInclude>
    <ClInclude Include="sources\DamageableEntity.h">
      <Filter>Header Files</Filter>
    </ClInclude>
    <ClInclude Include="sources\Enemy.h">
      <Filter>Header Files</Filter>
    </ClInclude>
    <ClInclude Include="sources\EnemyFactory.h">
      <Filter>Header Files</Filter>
    </ClInclude>
    <ClInclude Include="sources\Entity.h">
      <Filter>Header Files</Filter>
    </ClInclude>
    <ClInclude Include="sources\EntityCollection.h">
      <Filter>Header Files</Filter>
    </ClInclude>
    <ClInclude Include="sources\Font.h">
      <Filter>Header Files</Filter>
    </ClInclude>
    <ClInclude Include="sources\GameState.h">
      <Filter>Header Files</Filter>
    </ClInclude>
    <ClInclude Include="sources\HUD.h">
      <Filter>Header Files</Filter>
    </ClInclude>
    <ClInclude Include="sources\Input.h">
      <Filter>Header Files</Filter>
    </ClInclude>
    <ClInclude Include="sources\Level.h">
      <Filter>Header Files</Filter>
    </ClInclude>
    <ClInclude Include="sources\MovingEntity.h">
      <Filter>Header Files</Filter>
    </ClInclude>
    <ClInclude Include="sources\Music.h">
      <Filter>Header Files</Filter>
    </ClInclude>
    <ClInclude Include="sources\Player.h">
      <Filter>Header Files</Filter>
    </ClInclude>
    <ClInclude Include="sources\Projectile.h">
      <Filter>Header Files</Filter>
    </ClInclude>
    <ClInclude Include="sources\PugiConfig.h">
      <Filter>Header Files</Filter>
    </ClInclude>
    <ClInclude Include="sources\PugiXML.h">
      <Filter>Header Files</Filter>
    </ClInclude>
    <ClInclude Include="sources\SDL.h">
      <Filter>Header Files</Filter>
    </ClInclude>
    <ClInclude Include="sources\SFX.h">
      <Filter>Header Files</Filter>
    </ClInclude>
    <ClInclude Include="sources\Sprite.h">
      <Filter>Header Files</Filter>
    </ClInclude>
    <ClInclude Include="sources\State.h">
      <Filter>Header Files</Filter>
    </ClInclude>
    <ClInclude Include="sources\StateManager.h">
      <Filter>Header Files</Filter>
    </ClInclude>
    <ClInclude Include="sources\Text.h">
      <Filter>Header Files</Filter>
    </ClInclude>
    <ClInclude Include="sources\Texture.h">
      <Filter>Header Files</Filter>
    </ClInclude>
    <ClInclude Include="sources\Timer.h">
      <Filter>Header Files</Filter>
    </ClInclude>
    <ClInclude Include="sources\Window.h">
      <Filter>Header Files</Filter>
    </ClInclude>
  </ItemGroup>
</Project>